<?xml version="1.0" encoding="utf-8"?>
<Project ToolsVersion="4.0" xmlns="http://schemas.microsoft.com/developer/msbuild/2003">
  <ItemGroup>
    <Filter Include="Source Files">
      <UniqueIdentifier>{4FC737F1-C7A5-4376-A066-2A32D752A2FF}</UniqueIdentifier>
      <Extensions>cpp;c;cc;cxx;def;odl;idl;hpj;bat;asm;asmx</Extensions>
    </Filter>
    <Filter Include="Header Files">
      <UniqueIdentifier>{93995380-89BD-4b04-88EB-625FBE52EBFB}</UniqueIdentifier>
      <Extensions>h;hh;hpp;hxx;hm;inl;inc;ipp;xsd</Extensions>
    </Filter>
    <Filter Include="Resource Files">
      <UniqueIdentifier>{67DA6AB6-F800-4c08-8B7A-83BB121AAD01}</UniqueIdentifier>
      <Extensions>rc;ico;cur;bmp;dlg;rc2;rct;bin;rgs;gif;jpg;jpeg;jpe;resx;tiff;tif;png;wav;mfcribbon-ms</Extensions>
    </Filter>
  </ItemGroup>
  <ItemGroup>
    <ClInclude Include="framework.h">
      <Filter>Header Files</Filter>
    </ClInclude>
    <ClInclude Include="pch.h">
      <Filter>Header Files</Filter>
    </ClInclude>
    <ClInclude Include="asm-headers\core_math.h">
      <Filter>Header Files</Filter>
    </ClInclude>
    <ClInclude Include="asm-headers\core_array.h">
      <Filter>Header Files</Filter>
    </ClInclude>
    <ClInclude Include="asm-headers\core_struct.h">
      <Filter>Header Files</Filter>
    </ClInclude>
    <ClInclude Include="asm-headers\core_string.h">
      <Filter>Header Files</Filter>
    </ClInclude>
    <ClInclude Include="asm-headers\core_stack.h">
      <Filter>Header Files</Filter>
    </ClInclude>
    <ClInclude Include="asm-headers\avx.h">
      <Filter>Header Files</Filter>
    </ClInclude>
    <ClInclude Include="asm-headers\avx_scalar.h">
      <Filter>Header Files</Filter>
    </ClInclude>
    <ClInclude Include="asm-headers\avx_packed.h">
      <Filter>Header Files</Filter>
    </ClInclude>
    <ClInclude Include="asm-headers\__declarations.h">
      <Filter>Header Files</Filter>
    </ClInclude>
    <ClInclude Include="asm-headers\types_core.h">
      <Filter>Header Files</Filter>
    </ClInclude>
    <ClInclude Include="asm-headers\types_avx.h">
      <Filter>Header Files</Filter>
    </ClInclude>
  </ItemGroup>
  <ItemGroup>
    <ClCompile Include="dllmain.cpp">
      <Filter>Source Files</Filter>
    </ClCompile>
    <ClCompile Include="pch.cpp">
      <Filter>Source Files</Filter>
    </ClCompile>
    <ClCompile Include="asm-proxies\core_array.cpp">
      <Filter>Source Files</Filter>
    </ClCompile>
    <ClCompile Include="asm-proxies\avx.cpp">
      <Filter>Source Files</Filter>
    </ClCompile>
    <ClCompile Include="asm-proxies\core_math.cpp">
      <Filter>Source Files</Filter>
    </ClCompile>
    <ClCompile Include="asm-proxies\core_stack.cpp">
      <Filter>Source Files</Filter>
    </ClCompile>
    <ClCompile Include="asm-proxies\core_string.cpp">
      <Filter>Source Files</Filter>
    </ClCompile>
    <ClCompile Include="asm-proxies\core_struct.cpp">
      <Filter>Source Files</Filter>
    </ClCompile>
    <ClCompile Include="asm-proxies\avx_scalar.cpp">
      <Filter>Source Files</Filter>
    </ClCompile>
    <ClCompile Include="asm-proxies\avx_packed.cpp">
      <Filter>Source Files</Filter>
    </ClCompile>
  </ItemGroup>
  <ItemGroup>
    <MASM Include="asm\avx\packed\avx_p_array_min_max_byte.asm">
      <Filter>Source Files</Filter>
    </MASM>
    <MASM Include="asm\avx\packed\avx_p_array_min_max_float.asm">
      <Filter>Source Files</Filter>
    </MASM>
    <MASM Include="asm\avx\packed\avx_p_compare_equal_double.asm">
      <Filter>Source Files</Filter>
    </MASM>
    <MASM Include="asm\avx\packed\avx_p_matrix_multiplication_float.asm">
      <Filter>Source Files</Filter>
    </MASM>
    <MASM Include="asm\avx\packed\avx_p_matrix_transpose_float.asm">
      <Filter>Source Files</Filter>
    </MASM>
    <MASM Include="asm\avx\scalar\avx_s_calc_euclidian_distance.asm">
      <Filter>Source Files</Filter>
    </MASM>
    <MASM Include="asm\avx\scalar\avx_s_calc_mean_stdev.asm">
      <Filter>Source Files</Filter>
    </MASM>
    <MASM Include="asm\avx\scalar\avx_s_calc_sphere_area_volume.asm">
      <Filter>Source Files</Filter>
    </MASM>
    <MASM Include="asm\avx\scalar\avx_s_compare_vcmpsd_double.asm">
      <Filter>Source Files</Filter>
    </MASM>
    <MASM Include="asm\avx\scalar\avx_s_compare_vcomisd_double.asm">
      <Filter>Source Files</Filter>
    </MASM>
    <MASM Include="asm\avx\packed\avx_p_shift_integer.asm">
      <Filter>Source Files</Filter>
    </MASM>
    <MASM Include="asm\avx\packed\avx_p_multiply_integer.asm">
      <Filter>Source Files</Filter>
    </MASM>
    <MASM Include="asm\avx\packed\avx_p_convert_number.asm">
      <Filter>Source Files</Filter>
    </MASM>
    <MASM Include="asm\avx\packed\avx_p_sum_float.asm">
      <Filter>Source Files</Filter>
    </MASM>
    <MASM Include="asm\avx\packed\avx_p_sum_short.asm">
      <Filter>Source Files</Filter>
    </MASM>
    <MASM Include="asm\avx\scalar\avx_s_convert_number.asm">
      <Filter>Source Files</Filter>
    </MASM>
    <MASM Include="asm\avx\scalar\avx_s_convert_temperature.asm">
      <Filter>Source Files</Filter>
    </MASM>
    <MASM Include="asm\core\array\core_array_compare.asm">
      <Filter>Source Files</Filter>
    </MASM>
    <MASM Include="asm\core\array\core_array_get_from_const.asm">
      <Filter>Source Files</Filter>
    </MASM>
    <MASM Include="asm\core\array\core_array_reverse.asm">
      <Filter>Source Files</Filter>
    </MASM>
    <MASM Include="asm\core\array\core_array_sum.asm">
      <Filter>Source Files</Filter>
    </MASM>
    <MASM Include="asm\core\array\core_array_sum_columns.asm">
      <Filter>Source Files</Filter>
    </MASM>
    <MASM Include="asm\core\math\core_math_arithmetics.asm">
      <Filter>Source Files</Filter>
    </MASM>
    <MASM Include="asm\core\math\core_math_min_max.asm">
      <Filter>Source Files</Filter>
    </MASM>
    <MASM Include="asm\core\stack\core_stack_sum_arguments.asm">
      <Filter>Source Files</Filter>
    </MASM>
    <MASM Include="asm\core\stack\core_stack_sum_arguments_xmm.asm">
      <Filter>Source Files</Filter>
    </MASM>
    <MASM Include="asm\core\stack\core_stack_sum_arguments_xmm_pow_2_use_macros.asm">
      <Filter>Source Files</Filter>
    </MASM>
    <MASM Include="asm\core\string\core_string_concat.asm">
      <Filter>Source Files</Filter>
    </MASM>
    <MASM Include="asm\core\string\core_string_count_char_occurrence.asm">
      <Filter>Source Files</Filter>
    </MASM>
    <MASM Include="asm\core\struct\core_struct_get_cpu_info.asm">
      <Filter>Source Files</Filter>
    </MASM>
    <MASM Include="asm\avx\avx_get_set_rouding_mode.asm">
      <Filter>Source Files</Filter>
    </MASM>
    <MASM Include="asm\avx\packed\avx_p_array_sqrt_float.asm">
      <Filter>Source Files</Filter>
    </MASM>
    <MASM Include="asm\avx\packed\avx_p_array_mean_byte.asm">
      <Filter>Source Files</Filter>
    </MASM>
    <MASM Include="asm\avx\packed\avx_p_convert_byte_to_float_0_1_range.asm">
      <Filter>Source Files</Filter>
    </MASM>
    <MASM Include="asm\avx\packed\avx_p_convert_float_to_byte_0_255_range.asm">
      <Filter>Source Files</Filter>
    </MASM>
    <MASM Include="asm\avx\packed\avx_p_histogram_gray_image.asm">
      <Filter>Source Files</Filter>
    </MASM>
  </ItemGroup>
  <ItemGroup>
    <None Include="asm\macros.inc">
      <Filter>Header Files</Filter>
    </None>
    <None Include="asm\comparison_predicates.inc">
      <Filter>Header Files</Filter>
    </None>
  </ItemGroup>
</Project>